// !$*UTF8*$!
{
	archiveVersion = 1;
	classes = {
	};
	objectVersion = 55;
	objects = {

/* Begin PBXBuildFile section */
		F407D029280EBB2C00E36491 /* MyTabBarController.swift in Sources */ = {isa = PBXBuildFile; fileRef = F407D028280EBB2C00E36491 /* MyTabBarController.swift */; };
		F407D02B280EBBD900E36491 /* AlarmViewController.swift in Sources */ = {isa = PBXBuildFile; fileRef = F407D02A280EBBD900E36491 /* AlarmViewController.swift */; };
		F407D02D280EBF6E00E36491 /* MyPageViewController.swift in Sources */ = {isa = PBXBuildFile; fileRef = F407D02C280EBF6E00E36491 /* MyPageViewController.swift */; };
		F407D02F280EC39E00E36491 /* MainViewController.swift in Sources */ = {isa = PBXBuildFile; fileRef = F407D02E280EC39E00E36491 /* MainViewController.swift */; };
		F414AE09281CEAB6002D9221 /* ProductPostViewController.swift in Sources */ = {isa = PBXBuildFile; fileRef = F414AE08281CEAB6002D9221 /* ProductPostViewController.swift */; };
		F419E6B9285C89B000D02F4F /* ProductDetailViewController.swift in Sources */ = {isa = PBXBuildFile; fileRef = F419E6B8285C89B000D02F4F /* ProductDetailViewController.swift */; };
		F41B61182818E01E00EC3C12 /* MainSceneBoardCell.swift in Sources */ = {isa = PBXBuildFile; fileRef = F41B61172818E01E00EC3C12 /* MainSceneBoardCell.swift */; };
		F42D2B122812AD4100564B26 /* Keychain.swift in Sources */ = {isa = PBXBuildFile; fileRef = F42D2B112812AD4100564B26 /* Keychain.swift */; };
		F42D5AB1282661300081FF12 /* WriteViewController.swift in Sources */ = {isa = PBXBuildFile; fileRef = F42D5AB0282661300081FF12 /* WriteViewController.swift */; };
		F42D5AC72827EC210081FF12 /* TopRankingCell.swift in Sources */ = {isa = PBXBuildFile; fileRef = F42D5AC62827EC210081FF12 /* TopRankingCell.swift */; };
		F434175E284CC234008EF15C /* ProductRegistrationModel.swift in Sources */ = {isa = PBXBuildFile; fileRef = F434175D284CC234008EF15C /* ProductRegistrationModel.swift */; };
		F43B4B21289E6D5C008EFDC7 /* BoardCell.swift in Sources */ = {isa = PBXBuildFile; fileRef = F43B4B20289E6D5C008EFDC7 /* BoardCell.swift */; };
		F449FD1B283A861B00DAACB0 /* BSImagePicker in Frameworks */ = {isa = PBXBuildFile; productRef = F449FD1A283A861B00DAACB0 /* BSImagePicker */; };
		F449FD1D283B79D900DAACB0 /* SelectedImageCell.swift in Sources */ = {isa = PBXBuildFile; fileRef = F449FD1C283B79D900DAACB0 /* SelectedImageCell.swift */; };
		F4651A8E28489AA800D7FE63 /* BoardModel.swift in Sources */ = {isa = PBXBuildFile; fileRef = F4651A8D28489AA800D7FE63 /* BoardModel.swift */; };
		F4651A912848B4E700D7FE63 /* logo.png in Resources */ = {isa = PBXBuildFile; fileRef = F4651A902848B4E700D7FE63 /* logo.png */; };
		F4651A952848F65500D7FE63 /* build.png in Resources */ = {isa = PBXBuildFile; fileRef = F4651A942848F65500D7FE63 /* build.png */; };
		F4651A97284A148D00D7FE63 /* account.png in Resources */ = {isa = PBXBuildFile; fileRef = F4651A96284A148C00D7FE63 /* account.png */; };
		F4651A99284B175C00D7FE63 /* MypageCell.swift in Sources */ = {isa = PBXBuildFile; fileRef = F4651A98284B175C00D7FE63 /* MypageCell.swift */; };
		F4651A9B284B79E600D7FE63 /* MyWriteViewController.swift in Sources */ = {isa = PBXBuildFile; fileRef = F4651A9A284B79E600D7FE63 /* MyWriteViewController.swift */; };
		F4651A9D284B7A1C00D7FE63 /* MyProductViewController.swift in Sources */ = {isa = PBXBuildFile; fileRef = F4651A9C284B7A1C00D7FE63 /* MyProductViewController.swift */; };
		F4651A9F284B7CEE00D7FE63 /* ProductRankingModel.swift in Sources */ = {isa = PBXBuildFile; fileRef = F4651A9E284B7CEE00D7FE63 /* ProductRankingModel.swift */; };
		F4651AA1284B7CFB00D7FE63 /* ProductModel.swift in Sources */ = {isa = PBXBuildFile; fileRef = F4651AA0284B7CFB00D7FE63 /* ProductModel.swift */; };
		F472554428A0CF14008F6C3A /* BoardModifyViewController.swift in Sources */ = {isa = PBXBuildFile; fileRef = F472554328A0CF14008F6C3A /* BoardModifyViewController.swift */; };
		F472554628A0CF3A008F6C3A /* ProductModifyViewController.swift in Sources */ = {isa = PBXBuildFile; fileRef = F472554528A0CF3A008F6C3A /* ProductModifyViewController.swift */; };
		F4779FAE2856B56200CA19F9 /* UserInfoModel.swift in Sources */ = {isa = PBXBuildFile; fileRef = F4779FAD2856B56200CA19F9 /* UserInfoModel.swift */; };
		F4779FB028577A6D00CA19F9 /* ItemCell.swift in Sources */ = {isa = PBXBuildFile; fileRef = F4779FAF28577A6D00CA19F9 /* ItemCell.swift */; };
		F4779FB22857824700CA19F9 /* MyLikeViewController.swift in Sources */ = {isa = PBXBuildFile; fileRef = F4779FB12857824700CA19F9 /* MyLikeViewController.swift */; };
		F49CAF1D2833E370004BA7FE /* ProductCell.swift in Sources */ = {isa = PBXBuildFile; fileRef = F49CAF1C2833E370004BA7FE /* ProductCell.swift */; };
		F49CAF1F28360EC3004BA7FE /* ProductRegistrationViewController.swift in Sources */ = {isa = PBXBuildFile; fileRef = F49CAF1E28360EC2004BA7FE /* ProductRegistrationViewController.swift */; };
		F4A69D692881732C000E6FC6 /* LoginModel.swift in Sources */ = {isa = PBXBuildFile; fileRef = F4A69D682881732C000E6FC6 /* LoginModel.swift */; };
		F4D5E7AF28087E5A001A97AD /* AppDelegate.swift in Sources */ = {isa = PBXBuildFile; fileRef = F4D5E7AE28087E5A001A97AD /* AppDelegate.swift */; };
		F4D5E7B128087E5A001A97AD /* SceneDelegate.swift in Sources */ = {isa = PBXBuildFile; fileRef = F4D5E7B028087E5A001A97AD /* SceneDelegate.swift */; };
		F4D5E7B328087E5A001A97AD /* LoginViewController.swift in Sources */ = {isa = PBXBuildFile; fileRef = F4D5E7B228087E5A001A97AD /* LoginViewController.swift */; };
		F4D5E7B628087E5A001A97AD /* Main.storyboard in Resources */ = {isa = PBXBuildFile; fileRef = F4D5E7B428087E5A001A97AD /* Main.storyboard */; };
		F4D5E7B828087E5C001A97AD /* Assets.xcassets in Resources */ = {isa = PBXBuildFile; fileRef = F4D5E7B728087E5C001A97AD /* Assets.xcassets */; };
		F4D5E7BB28087E5C001A97AD /* LaunchScreen.storyboard in Resources */ = {isa = PBXBuildFile; fileRef = F4D5E7B928087E5C001A97AD /* LaunchScreen.storyboard */; };
		F4D5E7C4280885FE001A97AD /* JoinViewController.swift in Sources */ = {isa = PBXBuildFile; fileRef = F4D5E7C3280885FE001A97AD /* JoinViewController.swift */; };
		F4D5E7C8280891DE001A97AD /* JoinModel.swift in Sources */ = {isa = PBXBuildFile; fileRef = F4D5E7C7280891DE001A97AD /* JoinModel.swift */; };
/* End PBXBuildFile section */

/* Begin PBXCopyFilesBuildPhase section */
		F42587FF2813B06400B16782 /* Embed App Extensions */ = {
			isa = PBXCopyFilesBuildPhase;
			buildActionMask = 2147483647;
			dstPath = "";
			dstSubfolderSpec = 13;
			files = (
			);
			name = "Embed App Extensions";
			runOnlyForDeploymentPostprocessing = 0;
		};
/* End PBXCopyFilesBuildPhase section */

/* Begin PBXFileReference section */
		F407D028280EBB2C00E36491 /* MyTabBarController.swift */ = {isa = PBXFileReference; lastKnownFileType = sourcecode.swift; path = MyTabBarController.swift; sourceTree = "<group>"; };
		F407D02A280EBBD900E36491 /* AlarmViewController.swift */ = {isa = PBXFileReference; lastKnownFileType = sourcecode.swift; path = AlarmViewController.swift; sourceTree = "<group>"; };
		F407D02C280EBF6E00E36491 /* MyPageViewController.swift */ = {isa = PBXFileReference; lastKnownFileType = sourcecode.swift; path = MyPageViewController.swift; sourceTree = "<group>"; };
		F407D02E280EC39E00E36491 /* MainViewController.swift */ = {isa = PBXFileReference; lastKnownFileType = sourcecode.swift; path = MainViewController.swift; sourceTree = "<group>"; };
		F414AE08281CEAB6002D9221 /* ProductPostViewController.swift */ = {isa = PBXFileReference; lastKnownFileType = sourcecode.swift; path = ProductPostViewController.swift; sourceTree = "<group>"; };
		F419E6B8285C89B000D02F4F /* ProductDetailViewController.swift */ = {isa = PBXFileReference; lastKnownFileType = sourcecode.swift; path = ProductDetailViewController.swift; sourceTree = "<group>"; };
		F41B61172818E01E00EC3C12 /* MainSceneBoardCell.swift */ = {isa = PBXFileReference; lastKnownFileType = sourcecode.swift; path = MainSceneBoardCell.swift; sourceTree = "<group>"; };
		F42D2B112812AD4100564B26 /* Keychain.swift */ = {isa = PBXFileReference; lastKnownFileType = sourcecode.swift; path = Keychain.swift; sourceTree = "<group>"; };
		F42D5AB0282661300081FF12 /* WriteViewController.swift */ = {isa = PBXFileReference; lastKnownFileType = sourcecode.swift; path = WriteViewController.swift; sourceTree = "<group>"; };
		F42D5AC62827EC210081FF12 /* TopRankingCell.swift */ = {isa = PBXFileReference; lastKnownFileType = sourcecode.swift; path = TopRankingCell.swift; sourceTree = "<group>"; };
		F434175D284CC234008EF15C /* ProductRegistrationModel.swift */ = {isa = PBXFileReference; lastKnownFileType = sourcecode.swift; path = ProductRegistrationModel.swift; sourceTree = "<group>"; };
		F43B4B20289E6D5C008EFDC7 /* BoardCell.swift */ = {isa = PBXFileReference; lastKnownFileType = sourcecode.swift; path = BoardCell.swift; sourceTree = "<group>"; };
		F449FD1C283B79D900DAACB0 /* SelectedImageCell.swift */ = {isa = PBXFileReference; lastKnownFileType = sourcecode.swift; path = SelectedImageCell.swift; sourceTree = "<group>"; };
		F4651A8D28489AA800D7FE63 /* BoardModel.swift */ = {isa = PBXFileReference; lastKnownFileType = sourcecode.swift; path = BoardModel.swift; sourceTree = "<group>"; };
		F4651A902848B4E700D7FE63 /* logo.png */ = {isa = PBXFileReference; lastKnownFileType = image.png; path = logo.png; sourceTree = "<group>"; };
		F4651A942848F65500D7FE63 /* build.png */ = {isa = PBXFileReference; lastKnownFileType = image.png; path = build.png; sourceTree = "<group>"; };
		F4651A96284A148C00D7FE63 /* account.png */ = {isa = PBXFileReference; lastKnownFileType = image.png; path = account.png; sourceTree = "<group>"; };
		F4651A98284B175C00D7FE63 /* MypageCell.swift */ = {isa = PBXFileReference; lastKnownFileType = sourcecode.swift; path = MypageCell.swift; sourceTree = "<group>"; };
		F4651A9A284B79E600D7FE63 /* MyWriteViewController.swift */ = {isa = PBXFileReference; lastKnownFileType = sourcecode.swift; path = MyWriteViewController.swift; sourceTree = "<group>"; };
		F4651A9C284B7A1C00D7FE63 /* MyProductViewController.swift */ = {isa = PBXFileReference; lastKnownFileType = sourcecode.swift; path = MyProductViewController.swift; sourceTree = "<group>"; };
		F4651A9E284B7CEE00D7FE63 /* ProductRankingModel.swift */ = {isa = PBXFileReference; lastKnownFileType = sourcecode.swift; path = ProductRankingModel.swift; sourceTree = "<group>"; };
		F4651AA0284B7CFB00D7FE63 /* ProductModel.swift */ = {isa = PBXFileReference; lastKnownFileType = sourcecode.swift; path = ProductModel.swift; sourceTree = "<group>"; };
		F472554328A0CF14008F6C3A /* BoardModifyViewController.swift */ = {isa = PBXFileReference; lastKnownFileType = sourcecode.swift; path = BoardModifyViewController.swift; sourceTree = "<group>"; };
		F472554528A0CF3A008F6C3A /* ProductModifyViewController.swift */ = {isa = PBXFileReference; lastKnownFileType = sourcecode.swift; path = ProductModifyViewController.swift; sourceTree = "<group>"; };
		F4779FAD2856B56200CA19F9 /* UserInfoModel.swift */ = {isa = PBXFileReference; lastKnownFileType = sourcecode.swift; path = UserInfoModel.swift; sourceTree = "<group>"; };
		F4779FAF28577A6D00CA19F9 /* ItemCell.swift */ = {isa = PBXFileReference; lastKnownFileType = sourcecode.swift; path = ItemCell.swift; sourceTree = "<group>"; };
		F4779FB12857824700CA19F9 /* MyLikeViewController.swift */ = {isa = PBXFileReference; lastKnownFileType = sourcecode.swift; path = MyLikeViewController.swift; sourceTree = "<group>"; };
		F49CAF1C2833E370004BA7FE /* ProductCell.swift */ = {isa = PBXFileReference; lastKnownFileType = sourcecode.swift; path = ProductCell.swift; sourceTree = "<group>"; };
		F49CAF1E28360EC2004BA7FE /* ProductRegistrationViewController.swift */ = {isa = PBXFileReference; lastKnownFileType = sourcecode.swift; path = ProductRegistrationViewController.swift; sourceTree = "<group>"; };
		F4A69D682881732C000E6FC6 /* LoginModel.swift */ = {isa = PBXFileReference; lastKnownFileType = sourcecode.swift; path = LoginModel.swift; sourceTree = "<group>"; };
		F4D5E7AB28087E5A001A97AD /* FleaMarket.app */ = {isa = PBXFileReference; explicitFileType = wrapper.application; includeInIndex = 0; path = FleaMarket.app; sourceTree = BUILT_PRODUCTS_DIR; };
		F4D5E7AE28087E5A001A97AD /* AppDelegate.swift */ = {isa = PBXFileReference; lastKnownFileType = sourcecode.swift; path = AppDelegate.swift; sourceTree = "<group>"; };
		F4D5E7B028087E5A001A97AD /* SceneDelegate.swift */ = {isa = PBXFileReference; lastKnownFileType = sourcecode.swift; path = SceneDelegate.swift; sourceTree = "<group>"; };
		F4D5E7B228087E5A001A97AD /* LoginViewController.swift */ = {isa = PBXFileReference; lastKnownFileType = sourcecode.swift; path = LoginViewController.swift; sourceTree = "<group>"; };
		F4D5E7B528087E5A001A97AD /* Base */ = {isa = PBXFileReference; lastKnownFileType = file.storyboard; name = Base; path = Base.lproj/Main.storyboard; sourceTree = "<group>"; };
		F4D5E7B728087E5C001A97AD /* Assets.xcassets */ = {isa = PBXFileReference; lastKnownFileType = folder.assetcatalog; path = Assets.xcassets; sourceTree = "<group>"; };
		F4D5E7BA28087E5C001A97AD /* Base */ = {isa = PBXFileReference; lastKnownFileType = file.storyboard; name = Base; path = Base.lproj/LaunchScreen.storyboard; sourceTree = "<group>"; };
		F4D5E7BC28087E5C001A97AD /* Info.plist */ = {isa = PBXFileReference; lastKnownFileType = text.plist.xml; path = Info.plist; sourceTree = "<group>"; };
		F4D5E7C3280885FE001A97AD /* JoinViewController.swift */ = {isa = PBXFileReference; lastKnownFileType = sourcecode.swift; path = JoinViewController.swift; sourceTree = "<group>"; };
		F4D5E7C7280891DE001A97AD /* JoinModel.swift */ = {isa = PBXFileReference; lastKnownFileType = sourcecode.swift; path = JoinModel.swift; sourceTree = "<group>"; };
/* End PBXFileReference section */

/* Begin PBXFrameworksBuildPhase section */
		F4D5E7A828087E5A001A97AD /* Frameworks */ = {
			isa = PBXFrameworksBuildPhase;
			buildActionMask = 2147483647;
			files = (
				F449FD1B283A861B00DAACB0 /* BSImagePicker in Frameworks */,
			);
			runOnlyForDeploymentPostprocessing = 0;
		};
/* End PBXFrameworksBuildPhase section */

/* Begin PBXGroup section */
		F41B61162818E00000EC3C12 /* cell */ = {
			isa = PBXGroup;
			children = (
				F41B61172818E01E00EC3C12 /* MainSceneBoardCell.swift */,
				F42D5AC62827EC210081FF12 /* TopRankingCell.swift */,
				F49CAF1C2833E370004BA7FE /* ProductCell.swift */,
				F449FD1C283B79D900DAACB0 /* SelectedImageCell.swift */,
				F4651A98284B175C00D7FE63 /* MypageCell.swift */,
				F4779FAF28577A6D00CA19F9 /* ItemCell.swift */,
				F43B4B20289E6D5C008EFDC7 /* BoardCell.swift */,
			);
			path = cell;
			sourceTree = "<group>";
		};
		F42D2B102812AD2C00564B26 /* security */ = {
			isa = PBXGroup;
			children = (
				F42D2B112812AD4100564B26 /* Keychain.swift */,
			);
			path = security;
			sourceTree = "<group>";
		};
		F4651A8F2848B4D300D7FE63 /* resources */ = {
			isa = PBXGroup;
			children = (
				F4651A96284A148C00D7FE63 /* account.png */,
				F4651A942848F65500D7FE63 /* build.png */,
				F4651A902848B4E700D7FE63 /* logo.png */,
			);
			path = resources;
			sourceTree = "<group>";
		};
		F4D5E7A228087E5A001A97AD = {
			isa = PBXGroup;
			children = (
				F4D5E7AD28087E5A001A97AD /* FleaMarket */,
				F4D5E7AC28087E5A001A97AD /* Products */,
			);
			sourceTree = "<group>";
		};
		F4D5E7AC28087E5A001A97AD /* Products */ = {
			isa = PBXGroup;
			children = (
				F4D5E7AB28087E5A001A97AD /* FleaMarket.app */,
			);
			name = Products;
			sourceTree = "<group>";
		};
		F4D5E7AD28087E5A001A97AD /* FleaMarket */ = {
			isa = PBXGroup;
			children = (
				F4D5E7C52808919A001A97AD /* Model */,
				F4D5E7C6280891A2001A97AD /* view */,
				F4D5E7C228087E9A001A97AD /* Controller */,
				F4651A8F2848B4D300D7FE63 /* resources */,
				F42D2B102812AD2C00564B26 /* security */,
				F4D5E7AE28087E5A001A97AD /* AppDelegate.swift */,
				F4D5E7B028087E5A001A97AD /* SceneDelegate.swift */,
				F4D5E7B728087E5C001A97AD /* Assets.xcassets */,
				F4D5E7BC28087E5C001A97AD /* Info.plist */,
			);
			path = FleaMarket;
			sourceTree = "<group>";
		};
		F4D5E7C228087E9A001A97AD /* Controller */ = {
			isa = PBXGroup;
			children = (
				F4D5E7B228087E5A001A97AD /* LoginViewController.swift */,
				F4D5E7C3280885FE001A97AD /* JoinViewController.swift */,
				F407D028280EBB2C00E36491 /* MyTabBarController.swift */,
				F407D02A280EBBD900E36491 /* AlarmViewController.swift */,
				F42D5AB0282661300081FF12 /* WriteViewController.swift */,
				F49CAF1E28360EC2004BA7FE /* ProductRegistrationViewController.swift */,
				F407D02E280EC39E00E36491 /* MainViewController.swift */,
				F414AE08281CEAB6002D9221 /* ProductPostViewController.swift */,
				F407D02C280EBF6E00E36491 /* MyPageViewController.swift */,
				F4651A9A284B79E600D7FE63 /* MyWriteViewController.swift */,
				F472554328A0CF14008F6C3A /* BoardModifyViewController.swift */,
				F4651A9C284B7A1C00D7FE63 /* MyProductViewController.swift */,
				F472554528A0CF3A008F6C3A /* ProductModifyViewController.swift */,
				F4779FB12857824700CA19F9 /* MyLikeViewController.swift */,
				F419E6B8285C89B000D02F4F /* ProductDetailViewController.swift */,
			);
			path = Controller;
			sourceTree = "<group>";
		};
		F4D5E7C52808919A001A97AD /* Model */ = {
			isa = PBXGroup;
			children = (
				F4A69D682881732C000E6FC6 /* LoginModel.swift */,
				F4D5E7C7280891DE001A97AD /* JoinModel.swift */,
				F4651A8D28489AA800D7FE63 /* BoardModel.swift */,
				F4651A9E284B7CEE00D7FE63 /* ProductRankingModel.swift */,
				F4651AA0284B7CFB00D7FE63 /* ProductModel.swift */,
				F434175D284CC234008EF15C /* ProductRegistrationModel.swift */,
				F4779FAD2856B56200CA19F9 /* UserInfoModel.swift */,
			);
			path = Model;
			sourceTree = "<group>";
		};
		F4D5E7C6280891A2001A97AD /* view */ = {
			isa = PBXGroup;
			children = (
				F4D5E7B928087E5C001A97AD /* LaunchScreen.storyboard */,
				F4D5E7B428087E5A001A97AD /* Main.storyboard */,
				F41B61162818E00000EC3C12 /* cell */,
			);
			path = view;
			sourceTree = "<group>";
		};
/* End PBXGroup section */

/* Begin PBXNativeTarget section */
		F4D5E7AA28087E5A001A97AD /* FleaMarket */ = {
			isa = PBXNativeTarget;
			buildConfigurationList = F4D5E7BF28087E5C001A97AD /* Build configuration list for PBXNativeTarget "FleaMarket" */;
			buildPhases = (
				F4D5E7A728087E5A001A97AD /* Sources */,
				F4D5E7A828087E5A001A97AD /* Frameworks */,
				F4D5E7A928087E5A001A97AD /* Resources */,
				F42587FF2813B06400B16782 /* Embed App Extensions */,
			);
			buildRules = (
			);
			dependencies = (
			);
			name = FleaMarket;
			packageProductDependencies = (
				F449FD1A283A861B00DAACB0 /* BSImagePicker */,
			);
			productName = FleaMarket;
			productReference = F4D5E7AB28087E5A001A97AD /* FleaMarket.app */;
			productType = "com.apple.product-type.application";
		};
/* End PBXNativeTarget section */

/* Begin PBXProject section */
		F4D5E7A328087E5A001A97AD /* Project object */ = {
			isa = PBXProject;
			attributes = {
				BuildIndependentTargetsInParallel = 1;
				LastSwiftUpdateCheck = 1320;
				LastUpgradeCheck = 1320;
				TargetAttributes = {
					F4D5E7AA28087E5A001A97AD = {
						CreatedOnToolsVersion = 13.2;
					};
				};
			};
			buildConfigurationList = F4D5E7A628087E5A001A97AD /* Build configuration list for PBXProject "FleaMarket" */;
			compatibilityVersion = "Xcode 13.0";
			developmentRegion = en;
			hasScannedForEncodings = 0;
			knownRegions = (
				en,
				Base,
			);
			mainGroup = F4D5E7A228087E5A001A97AD;
			packageReferences = (
				F449FD19283A861B00DAACB0 /* XCRemoteSwiftPackageReference "BSImagePicker" */,
			);
			productRefGroup = F4D5E7AC28087E5A001A97AD /* Products */;
			projectDirPath = "";
			projectRoot = "";
			targets = (
				F4D5E7AA28087E5A001A97AD /* FleaMarket */,
			);
		};
/* End PBXProject section */

/* Begin PBXResourcesBuildPhase section */
		F4D5E7A928087E5A001A97AD /* Resources */ = {
			isa = PBXResourcesBuildPhase;
			buildActionMask = 2147483647;
			files = (
				F4651A912848B4E700D7FE63 /* logo.png in Resources */,
				F4651A97284A148D00D7FE63 /* account.png in Resources */,
				F4D5E7BB28087E5C001A97AD /* LaunchScreen.storyboard in Resources */,
				F4D5E7B828087E5C001A97AD /* Assets.xcassets in Resources */,
				F4651A952848F65500D7FE63 /* build.png in Resources */,
				F4D5E7B628087E5A001A97AD /* Main.storyboard in Resources */,
			);
			runOnlyForDeploymentPostprocessing = 0;
		};
/* End PBXResourcesBuildPhase section */

/* Begin PBXSourcesBuildPhase section */
		F4D5E7A728087E5A001A97AD /* Sources */ = {
			isa = PBXSourcesBuildPhase;
			buildActionMask = 2147483647;
			files = (
				F41B61182818E01E00EC3C12 /* MainSceneBoardCell.swift in Sources */,
				F4D5E7B328087E5A001A97AD /* LoginViewController.swift in Sources */,
				F4651A9F284B7CEE00D7FE63 /* ProductRankingModel.swift in Sources */,
				F414AE09281CEAB6002D9221 /* ProductPostViewController.swift in Sources */,
				F4D5E7AF28087E5A001A97AD /* AppDelegate.swift in Sources */,
				F434175E284CC234008EF15C /* ProductRegistrationModel.swift in Sources */,
				F4651A99284B175C00D7FE63 /* MypageCell.swift in Sources */,
				F4D5E7C4280885FE001A97AD /* JoinViewController.swift in Sources */,
				F4651AA1284B7CFB00D7FE63 /* ProductModel.swift in Sources */,
				F42D5AB1282661300081FF12 /* WriteViewController.swift in Sources */,
				F43B4B21289E6D5C008EFDC7 /* BoardCell.swift in Sources */,
				F4651A9D284B7A1C00D7FE63 /* MyProductViewController.swift in Sources */,
				F407D029280EBB2C00E36491 /* MyTabBarController.swift in Sources */,
				F4651A9B284B79E600D7FE63 /* MyWriteViewController.swift in Sources */,
				F4D5E7C8280891DE001A97AD /* JoinModel.swift in Sources */,
				F472554628A0CF3A008F6C3A /* ProductModifyViewController.swift in Sources */,
				F42D2B122812AD4100564B26 /* Keychain.swift in Sources */,
				F4779FB22857824700CA19F9 /* MyLikeViewController.swift in Sources */,
				F419E6B9285C89B000D02F4F /* ProductDetailViewController.swift in Sources */,
				F4D5E7B128087E5A001A97AD /* SceneDelegate.swift in Sources */,
				F407D02F280EC39E00E36491 /* MainViewController.swift in Sources */,
				F4779FAE2856B56200CA19F9 /* UserInfoModel.swift in Sources */,
				F4779FB028577A6D00CA19F9 /* ItemCell.swift in Sources */,
				F407D02B280EBBD900E36491 /* AlarmViewController.swift in Sources */,
				F49CAF1D2833E370004BA7FE /* ProductCell.swift in Sources */,
				F4A69D692881732C000E6FC6 /* LoginModel.swift in Sources */,
				F472554428A0CF14008F6C3A /* BoardModifyViewController.swift in Sources */,
				F49CAF1F28360EC3004BA7FE /* ProductRegistrationViewController.swift in Sources */,
				F449FD1D283B79D900DAACB0 /* SelectedImageCell.swift in Sources */,
				F42D5AC72827EC210081FF12 /* TopRankingCell.swift in Sources */,
				F4651A8E28489AA800D7FE63 /* BoardModel.swift in Sources */,
				F407D02D280EBF6E00E36491 /* MyPageViewController.swift in Sources */,
			);
			runOnlyForDeploymentPostprocessing = 0;
		};
/* End PBXSourcesBuildPhase section */

/* Begin PBXVariantGroup section */
		F4D5E7B428087E5A001A97AD /* Main.storyboard */ = {
			isa = PBXVariantGroup;
			children = (
				F4D5E7B528087E5A001A97AD /* Base */,
			);
			name = Main.storyboard;
			sourceTree = "<group>";
		};
		F4D5E7B928087E5C001A97AD /* LaunchScreen.storyboard */ = {
			isa = PBXVariantGroup;
			children = (
				F4D5E7BA28087E5C001A97AD /* Base */,
			);
			name = LaunchScreen.storyboard;
			sourceTree = "<group>";
		};
/* End PBXVariantGroup section */

/* Begin XCBuildConfiguration section */
		F4D5E7BD28087E5C001A97AD /* Debug */ = {
			isa = XCBuildConfiguration;
			buildSettings = {
				ALWAYS_SEARCH_USER_PATHS = NO;
				CLANG_ANALYZER_NONNULL = YES;
				CLANG_ANALYZER_NUMBER_OBJECT_CONVERSION = YES_AGGRESSIVE;
				CLANG_CXX_LANGUAGE_STANDARD = "gnu++17";
				CLANG_CXX_LIBRARY = "libc++";
				CLANG_ENABLE_MODULES = YES;
				CLANG_ENABLE_OBJC_ARC = YES;
				CLANG_ENABLE_OBJC_WEAK = YES;
				CLANG_WARN_BLOCK_CAPTURE_AUTORELEASING = YES;
				CLANG_WARN_BOOL_CONVERSION = YES;
				CLANG_WARN_COMMA = YES;
				CLANG_WARN_CONSTANT_CONVERSION = YES;
				CLANG_WARN_DEPRECATED_OBJC_IMPLEMENTATIONS = YES;
				CLANG_WARN_DIRECT_OBJC_ISA_USAGE = YES_ERROR;
				CLANG_WARN_DOCUMENTATION_COMMENTS = YES;
				CLANG_WARN_EMPTY_BODY = YES;
				CLANG_WARN_ENUM_CONVERSION = YES;
				CLANG_WARN_INFINITE_RECURSION = YES;
				CLANG_WARN_INT_CONVERSION = YES;
				CLANG_WARN_NON_LITERAL_NULL_CONVERSION = YES;
				CLANG_WARN_OBJC_IMPLICIT_RETAIN_SELF = YES;
				CLANG_WARN_OBJC_LITERAL_CONVERSION = YES;
				CLANG_WARN_OBJC_ROOT_CLASS = YES_ERROR;
				CLANG_WARN_QUOTED_INCLUDE_IN_FRAMEWORK_HEADER = YES;
				CLANG_WARN_RANGE_LOOP_ANALYSIS = YES;
				CLANG_WARN_STRICT_PROTOTYPES = YES;
				CLANG_WARN_SUSPICIOUS_MOVE = YES;
				CLANG_WARN_UNGUARDED_AVAILABILITY = YES_AGGRESSIVE;
				CLANG_WARN_UNREACHABLE_CODE = YES;
				CLANG_WARN__DUPLICATE_METHOD_MATCH = YES;
				COPY_PHASE_STRIP = NO;
				DEBUG_INFORMATION_FORMAT = dwarf;
				ENABLE_STRICT_OBJC_MSGSEND = YES;
				ENABLE_TESTABILITY = YES;
				GCC_C_LANGUAGE_STANDARD = gnu11;
				GCC_DYNAMIC_NO_PIC = NO;
				GCC_NO_COMMON_BLOCKS = YES;
				GCC_OPTIMIZATION_LEVEL = 0;
				GCC_PREPROCESSOR_DEFINITIONS = (
					"DEBUG=1",
					"$(inherited)",
				);
				GCC_WARN_64_TO_32_BIT_CONVERSION = YES;
				GCC_WARN_ABOUT_RETURN_TYPE = YES_ERROR;
				GCC_WARN_UNDECLARED_SELECTOR = YES;
				GCC_WARN_UNINITIALIZED_AUTOS = YES_AGGRESSIVE;
				GCC_WARN_UNUSED_FUNCTION = YES;
				GCC_WARN_UNUSED_VARIABLE = YES;
				IPHONEOS_DEPLOYMENT_TARGET = 15.2;
				MTL_ENABLE_DEBUG_INFO = INCLUDE_SOURCE;
				MTL_FAST_MATH = YES;
				ONLY_ACTIVE_ARCH = YES;
				SDKROOT = iphoneos;
				SWIFT_ACTIVE_COMPILATION_CONDITIONS = DEBUG;
				SWIFT_OPTIMIZATION_LEVEL = "-Onone";
			};
			name = Debug;
		};
		F4D5E7BE28087E5C001A97AD /* Release */ = {
			isa = XCBuildConfiguration;
			buildSettings = {
				ALWAYS_SEARCH_USER_PATHS = NO;
				CLANG_ANALYZER_NONNULL = YES;
				CLANG_ANALYZER_NUMBER_OBJECT_CONVERSION = YES_AGGRESSIVE;
				CLANG_CXX_LANGUAGE_STANDARD = "gnu++17";
				CLANG_CXX_LIBRARY = "libc++";
				CLANG_ENABLE_MODULES = YES;
				CLANG_ENABLE_OBJC_ARC = YES;
				CLANG_ENABLE_OBJC_WEAK = YES;
				CLANG_WARN_BLOCK_CAPTURE_AUTORELEASING = YES;
				CLANG_WARN_BOOL_CONVERSION = YES;
				CLANG_WARN_COMMA = YES;
				CLANG_WARN_CONSTANT_CONVERSION = YES;
				CLANG_WARN_DEPRECATED_OBJC_IMPLEMENTATIONS = YES;
				CLANG_WARN_DIRECT_OBJC_ISA_USAGE = YES_ERROR;
				CLANG_WARN_DOCUMENTATION_COMMENTS = YES;
				CLANG_WARN_EMPTY_BODY = YES;
				CLANG_WARN_ENUM_CONVERSION = YES;
				CLANG_WARN_INFINITE_RECURSION = YES;
				CLANG_WARN_INT_CONVERSION = YES;
				CLANG_WARN_NON_LITERAL_NULL_CONVERSION = YES;
				CLANG_WARN_OBJC_IMPLICIT_RETAIN_SELF = YES;
				CLANG_WARN_OBJC_LITERAL_CONVERSION = YES;
				CLANG_WARN_OBJC_ROOT_CLASS = YES_ERROR;
				CLANG_WARN_QUOTED_INCLUDE_IN_FRAMEWORK_HEADER = YES;
				CLANG_WARN_RANGE_LOOP_ANALYSIS = YES;
				CLANG_WARN_STRICT_PROTOTYPES = YES;
				CLANG_WARN_SUSPICIOUS_MOVE = YES;
				CLANG_WARN_UNGUARDED_AVAILABILITY = YES_AGGRESSIVE;
				CLANG_WARN_UNREACHABLE_CODE = YES;
				CLANG_WARN__DUPLICATE_METHOD_MATCH = YES;
				COPY_PHASE_STRIP = NO;
				DEBUG_INFORMATION_FORMAT = "dwarf-with-dsym";
				ENABLE_NS_ASSERTIONS = NO;
				ENABLE_STRICT_OBJC_MSGSEND = YES;
				GCC_C_LANGUAGE_STANDARD = gnu11;
				GCC_NO_COMMON_BLOCKS = YES;
				GCC_WARN_64_TO_32_BIT_CONVERSION = YES;
				GCC_WARN_ABOUT_RETURN_TYPE = YES_ERROR;
				GCC_WARN_UNDECLARED_SELECTOR = YES;
				GCC_WARN_UNINITIALIZED_AUTOS = YES_AGGRESSIVE;
				GCC_WARN_UNUSED_FUNCTION = YES;
				GCC_WARN_UNUSED_VARIABLE = YES;
				IPHONEOS_DEPLOYMENT_TARGET = 15.2;
				MTL_ENABLE_DEBUG_INFO = NO;
				MTL_FAST_MATH = YES;
				SDKROOT = iphoneos;
				SWIFT_COMPILATION_MODE = wholemodule;
				SWIFT_OPTIMIZATION_LEVEL = "-O";
				VALIDATE_PRODUCT = YES;
			};
			name = Release;
		};
		F4D5E7C028087E5C001A97AD /* Debug */ = {
			isa = XCBuildConfiguration;
			buildSettings = {
				ASSETCATALOG_COMPILER_APPICON_NAME = AppIcon;
				ASSETCATALOG_COMPILER_GLOBAL_ACCENT_COLOR_NAME = AccentColor;
				CODE_SIGN_STYLE = Automatic;
				CURRENT_PROJECT_VERSION = 1;
				DEVELOPMENT_TEAM = BFTA9SX898;
				GENERATE_INFOPLIST_FILE = YES;
				INFOPLIST_FILE = FleaMarket/Info.plist;
				INFOPLIST_KEY_CFBundleDisplayName = "플리마켓";
				INFOPLIST_KEY_NSPhotoLibraryUsageDescription = "앱에서 사진첩에 접근하여 사진을 선택하려 합니다. 허용하시겠습니까?";
				INFOPLIST_KEY_UIApplicationSupportsIndirectInputEvents = YES;
				INFOPLIST_KEY_UILaunchStoryboardName = LaunchScreen;
				INFOPLIST_KEY_UIMainStoryboardFile = Main;
				INFOPLIST_KEY_UISupportedInterfaceOrientations_iPad = "UIInterfaceOrientationPortrait UIInterfaceOrientationPortraitUpsideDown UIInterfaceOrientationLandscapeLeft UIInterfaceOrientationLandscapeRight";
				INFOPLIST_KEY_UISupportedInterfaceOrientations_iPhone = "UIInterfaceOrientationPortrait UIInterfaceOrientationLandscapeLeft UIInterfaceOrientationLandscapeRight";
				LD_RUNPATH_SEARCH_PATHS = (
					"$(inherited)",
					"@executable_path/Frameworks",
				);
				MARKETING_VERSION = 1.0;
				PRODUCT_BUNDLE_IDENTIFIER = com.petmily.FleaMarket;
				PRODUCT_NAME = "$(TARGET_NAME)";
				SWIFT_EMIT_LOC_STRINGS = YES;
				SWIFT_VERSION = 5.0;
				TARGETED_DEVICE_FAMILY = 1;
			};
			name = Debug;
		};
		F4D5E7C128087E5C001A97AD /* Release */ = {
			isa = XCBuildConfiguration;
			buildSettings = {
				ASSETCATALOG_COMPILER_APPICON_NAME = AppIcon;
				ASSETCATALOG_COMPILER_GLOBAL_ACCENT_COLOR_NAME = AccentColor;
				CODE_SIGN_STYLE = Automatic;
				CURRENT_PROJECT_VERSION = 1;
				DEVELOPMENT_TEAM = BFTA9SX898;
				GENERATE_INFOPLIST_FILE = YES;
				INFOPLIST_FILE = FleaMarket/Info.plist;
				INFOPLIST_KEY_CFBundleDisplayName = "플리마켓";
				INFOPLIST_KEY_NSPhotoLibraryUsageDescription = "앱에서 사진첩에 접근하여 사진을 선택하려 합니다. 허용하시겠습니까?";
				INFOPLIST_KEY_UIApplicationSupportsIndirectInputEvents = YES;
				INFOPLIST_KEY_UILaunchStoryboardName = LaunchScreen;
				INFOPLIST_KEY_UIMainStoryboardFile = Main;
				INFOPLIST_KEY_UISupportedInterfaceOrientations_iPad = "UIInterfaceOrientationPortrait UIInterfaceOrientationPortraitUpsideDown UIInterfaceOrientationLandscapeLeft UIInterfaceOrientationLandscapeRight";
				INFOPLIST_KEY_UISupportedInterfaceOrientations_iPhone = "UIInterfaceOrientationPortrait UIInterfaceOrientationLandscapeLeft UIInterfaceOrientationLandscapeRight";
				LD_RUNPATH_SEARCH_PATHS = (
					"$(inherited)",
					"@executable_path/Frameworks",
				);
				MARKETING_VERSION = 1.0;
				PRODUCT_BUNDLE_IDENTIFIER = com.petmily.FleaMarket;
				PRODUCT_NAME = "$(TARGET_NAME)";
				SWIFT_EMIT_LOC_STRINGS = YES;
				SWIFT_VERSION = 5.0;
				TARGETED_DEVICE_FAMILY = 1;
			};
			name = Release;
		};
/* End XCBuildConfiguration section */

/* Begin XCConfigurationList section */
		F4D5E7A628087E5A001A97AD /* Build configuration list for PBXProject "FleaMarket" */ = {
			isa = XCConfigurationList;
			buildConfigurations = (
				F4D5E7BD28087E5C001A97AD /* Debug */,
				F4D5E7BE28087E5C001A97AD /* Release */,
			);
			defaultConfigurationIsVisible = 0;
			defaultConfigurationName = Release;
		};
		F4D5E7BF28087E5C001A97AD /* Build configuration list for PBXNativeTarget "FleaMarket" */ = {
			isa = XCConfigurationList;
			buildConfigurations = (
				F4D5E7C028087E5C001A97AD /* Debug */,
				F4D5E7C128087E5C001A97AD /* Release */,
			);
			defaultConfigurationIsVisible = 0;
			defaultConfigurationName = Release;
		};
/* End XCConfigurationList section */

/* Begin XCRemoteSwiftPackageReference section */
		F449FD19283A861B00DAACB0 /* XCRemoteSwiftPackageReference "BSImagePicker" */ = {
			isa = XCRemoteSwiftPackageReference;
			repositoryURL = "https://github.com/mikaoj/BSImagePicker.git";
			requirement = {
				kind = upToNextMajorVersion;
				minimumVersion = 3.0.0;
			};
		};
/* End XCRemoteSwiftPackageReference section */

/* Begin XCSwiftPackageProductDependency section */
		F449FD1A283A861B00DAACB0 /* BSImagePicker */ = {
			isa = XCSwiftPackageProductDependency;
			package = F449FD19283A861B00DAACB0 /* XCRemoteSwiftPackageReference "BSImagePicker" */;
			productName = BSImagePicker;
		};
/* End XCSwiftPackageProductDependency section */
	};
	rootObject = F4D5E7A328087E5A001A97AD /* Project object */;
}
